<Solution>
  <Project Path="FotoService.Abstractions/FotoService.Abstractions.csproj" />
  <Project Path="FotoServiceDogCeo.IntegrationTests/FotoServiceDogCeo.IntegrationTests.csproj" />
  <Project Path="FotoServiceDogCeo/FotoServiceDogCeo.csproj" />
  <Project Path="FotoServiceHardCoded/FotoServiceHardCoded.csproj" />
</Solution>
